<?xml version="1.0" encoding="UTF-8"?>
<Scheme
   LastUpgradeVersion = "0700"
   version = "1.3">
   <BuildAction
      parallelizeBuildables = "YES"
      buildImplicitDependencies = "YES">
      <BuildActionEntries>
         <BuildActionEntry
            buildForTesting = "YES"
            buildForRunning = "YES"
            buildForProfiling = "YES"
            buildForArchiving = "YES"
            buildForAnalyzing = "YES">
            <BuildableReference
               BuildableIdentifier = "primary"
               BlueprintIdentifier = "10B2C0C31E7AFFB7002712B1"
               BuildableName = "2DA_EVA_6_PICKERVIEW.app"
               BlueprintName = "2DA_EVA_6_PICKERVIEW"
               ReferencedContainer = "container:2DA_EVA_6_PICKERVIEW.xcodeproj">
            </BuildableReference>
         </BuildActionEntry>
      </BuildActionEntries>
   </BuildAction>
   <TestAction
      buildConfiguration = "Debug"
      selectedDebuggerIdentifier = "Xcode.DebuggerFoundation.Debugger.LLDB"
      selectedLauncherIdentifier = "Xcode.DebuggerFoundation.Launcher.LLDB"
      shouldUseLaunchSchemeArgsEnv = "YES">
      <Testables>
         <TestableReference
            skipped = "NO">
            <BuildableReference
               BuildableIdentifier = "primary"
               BlueprintIdentifier = "10B2C0D71E7AFFB8002712B1"
               BuildableName = "2DA_EVA_6_PICKERVIEWTests.xctest"
               BlueprintName = "2DA_EVA_6_PICKERVIEWTests"
               ReferencedContainer = "container:2DA_EVA_6_PICKERVIEW.xcodeproj">
            </BuildableReference>
         </TestableReference>
         <TestableReference
            skipped = "NO">
            <BuildableReference
               BuildableIdentifier = "primary"
               BlueprintIdentifier = "10B2C0E21E7AFFB8002712B1"
               BuildableName = "2DA_EVA_6_PICKERVIEWUITests.xctest"
               BlueprintName = "2DA_EVA_6_PICKERVIEWUITests"
               ReferencedContainer = "container:2DA_EVA_6_PICKERVIEW.xcodeproj">
            </BuildableReference>
         </TestableReference>
      </Testables>
      <MacroExpansion>
         <BuildableReference
            BuildableIdentifier = "primary"
            BlueprintIdentifier = "10B2C0C31E7AFFB7002712B1"
            BuildableName = "2DA_EVA_6_PICKERVIEW.app"
            BlueprintName = "2DA_EVA_6_PICKERVIEW"
            ReferencedContainer = "container:2DA_EVA_6_PICKERVIEW.xcodeproj">
         </BuildableReference>
      </MacroExpansion>
      <AdditionalOptions>
      </AdditionalOptions>
   </TestAction>
   <LaunchAction
      buildConfiguration = "Debug"
      selectedDebuggerIdentifier = "Xcode.DebuggerFoundation.Debugger.LLDB"
      selectedLauncherIdentifier = "Xcode.DebuggerFoundation.Launcher.LLDB"
      launchStyle = "0"
      useCustomWorkingDirectory = "NO"
      ignoresPersistentStateOnLaunch = "NO"
      debugDocumentVersioning = "YES"
      debugServiceExtension = "internal"
      allowLocationSimulation = "YES">
      <BuildableProductRunnable
         runnableDebuggingMode = "0">
         <BuildableReference
            BuildableIdentifier = "primary"
            BlueprintIdentifier = "10B2C0C31E7AFFB7002712B1"
            BuildableName = "2DA_EVA_6_PICKERVIEW.app"
            BlueprintName = "2DA_EVA_6_PICKERVIEW"
            ReferencedContainer = "container:2DA_EVA_6_PICKERVIEW.xcodeproj">
         </BuildableReference>
      </BuildableProductRunnable>
      <AdditionalOptions>
      </AdditionalOptions>
   </LaunchAction>
   <ProfileAction
      buildConfiguration = "Release"
      shouldUseLaunchSchemeArgsEnv = "YES"
      savedToolIdentifier = ""
      useCustomWorkingDirectory = "NO"
      debugDocumentVersioning = "YES">
      <BuildableProductRunnable
         runnableDebuggingMode = "0">
         <BuildableReference
            BuildableIdentifier = "primary"
            BlueprintIdentifier = "10B2C0C31E7AFFB7002712B1"
            BuildableName = "2DA_EVA_6_PICKERVIEW.app"
            BlueprintName = "2DA_EVA_6_PICKERVIEW"
            ReferencedContainer = "container:2DA_EVA_6_PICKERVIEW.xcodeproj">
         </BuildableReference>
      </BuildableProductRunnable>
   </ProfileAction>
   <AnalyzeAction
      buildConfiguration = "Debug">
   </AnalyzeAction>
   <ArchiveAction
      buildConfiguration = "Release"
      revealArchiveInOrganizer = "YES">
   </ArchiveAction>
</Scheme>
