// !$*UTF8*$!
{
	archiveVersion = 1;
	classes = {
	};
	objectVersion = 46;
	objects = {

/* Begin PBXBuildFile section */
		10DF2C3A1E6F2620004F8CCC /* AppDelegate.swift in Sources */ = {isa = PBXBuildFile; fileRef = 10DF2C391E6F2620004F8CCC /* AppDelegate.swift */; };
		10DF2C3C1E6F2620004F8CCC /* ViewController.swift in Sources */ = {isa = PBXBuildFile; fileRef = 10DF2C3B1E6F2620004F8CCC /* ViewController.swift */; };
		10DF2C3F1E6F2620004F8CCC /* Main.storyboard in Resources */ = {isa = PBXBuildFile; fileRef = 10DF2C3D1E6F2620004F8CCC /* Main.storyboard */; };
		10DF2C411E6F2620004F8CCC /* Assets.xcassets in Resources */ = {isa = PBXBuildFile; fileRef = 10DF2C401E6F2620004F8CCC /* Assets.xcassets */; };
		10DF2C441E6F2620004F8CCC /* LaunchScreen.storyboard in Resources */ = {isa = PBXBuildFile; fileRef = 10DF2C421E6F2620004F8CCC /* LaunchScreen.storyboard */; };
		10DF2C4F1E6F2620004F8CCC /* _DA_EVA_2_TABLASTests.swift in Sources */ = {isa = PBXBuildFile; fileRef = 10DF2C4E1E6F2620004F8CCC /* _DA_EVA_2_TABLASTests.swift */; };
		10DF2C5A1E6F2620004F8CCC /* _DA_EVA_2_TABLASUITests.swift in Sources */ = {isa = PBXBuildFile; fileRef = 10DF2C591E6F2620004F8CCC /* _DA_EVA_2_TABLASUITests.swift */; };
/* End PBXBuildFile section */

/* Begin PBXContainerItemProxy section */
		10DF2C4B1E6F2620004F8CCC /* PBXContainerItemProxy */ = {
			isa = PBXContainerItemProxy;
			containerPortal = 10DF2C2E1E6F2620004F8CCC /* Project object */;
			proxyType = 1;
			remoteGlobalIDString = 10DF2C351E6F2620004F8CCC;
			remoteInfo = 2DA_EVA_2_TABLAS;
		};
		10DF2C561E6F2620004F8CCC /* PBXContainerItemProxy */ = {
			isa = PBXContainerItemProxy;
			containerPortal = 10DF2C2E1E6F2620004F8CCC /* Project object */;
			proxyType = 1;
			remoteGlobalIDString = 10DF2C351E6F2620004F8CCC;
			remoteInfo = 2DA_EVA_2_TABLAS;
		};
/* End PBXContainerItemProxy section */

/* Begin PBXFileReference section */
		10DF2C361E6F2620004F8CCC /* 2DA_EVA_2_TABLAS.app */ = {isa = PBXFileReference; explicitFileType = wrapper.application; includeInIndex = 0; path = 2DA_EVA_2_TABLAS.app; sourceTree = BUILT_PRODUCTS_DIR; };
		10DF2C391E6F2620004F8CCC /* AppDelegate.swift */ = {isa = PBXFileReference; lastKnownFileType = sourcecode.swift; path = AppDelegate.swift; sourceTree = "<group>"; };
		10DF2C3B1E6F2620004F8CCC /* ViewController.swift */ = {isa = PBXFileReference; lastKnownFileType = sourcecode.swift; path = ViewController.swift; sourceTree = "<group>"; };
		10DF2C3E1E6F2620004F8CCC /* Base */ = {isa = PBXFileReference; lastKnownFileType = file.storyboard; name = Base; path = Base.lproj/Main.storyboard; sourceTree = "<group>"; };
		10DF2C401E6F2620004F8CCC /* Assets.xcassets */ = {isa = PBXFileReference; lastKnownFileType = folder.assetcatalog; path = Assets.xcassets; sourceTree = "<group>"; };
		10DF2C431E6F2620004F8CCC /* Base */ = {isa = PBXFileReference; lastKnownFileType = file.storyboard; name = Base; path = Base.lproj/LaunchScreen.storyboard; sourceTree = "<group>"; };
		10DF2C451E6F2620004F8CCC /* Info.plist */ = {isa = PBXFileReference; lastKnownFileType = text.plist.xml; path = Info.plist; sourceTree = "<group>"; };
		10DF2C4A1E6F2620004F8CCC /* 2DA_EVA_2_TABLASTests.xctest */ = {isa = PBXFileReference; explicitFileType = wrapper.cfbundle; includeInIndex = 0; path = 2DA_EVA_2_TABLASTests.xctest; sourceTree = BUILT_PRODUCTS_DIR; };
		10DF2C4E1E6F2620004F8CCC /* _DA_EVA_2_TABLASTests.swift */ = {isa = PBXFileReference; lastKnownFileType = sourcecode.swift; path = _DA_EVA_2_TABLASTests.swift; sourceTree = "<group>"; };
		10DF2C501E6F2620004F8CCC /* Info.plist */ = {isa = PBXFileReference; lastKnownFileType = text.plist.xml; path = Info.plist; sourceTree = "<group>"; };
		10DF2C551E6F2620004F8CCC /* 2DA_EVA_2_TABLASUITests.xctest */ = {isa = PBXFileReference; explicitFileType = wrapper.cfbundle; includeInIndex = 0; path = 2DA_EVA_2_TABLASUITests.xctest; sourceTree = BUILT_PRODUCTS_DIR; };
		10DF2C591E6F2620004F8CCC /* _DA_EVA_2_TABLASUITests.swift */ = {isa = PBXFileReference; lastKnownFileType = sourcecode.swift; path = _DA_EVA_2_TABLASUITests.swift; sourceTree = "<group>"; };
		10DF2C5B1E6F2620004F8CCC /* Info.plist */ = {isa = PBXFileReference; lastKnownFileType = text.plist.xml; path = Info.plist; sourceTree = "<group>"; };
/* End PBXFileReference section */

/* Begin PBXFrameworksBuildPhase section */
		10DF2C331E6F2620004F8CCC /* Frameworks */ = {
			isa = PBXFrameworksBuildPhase;
			buildActionMask = 2147483647;
			files = (
			);
			runOnlyForDeploymentPostprocessing = 0;
		};
		10DF2C471E6F2620004F8CCC /* Frameworks */ = {
			isa = PBXFrameworksBuildPhase;
			buildActionMask = 2147483647;
			files = (
			);
			runOnlyForDeploymentPostprocessing = 0;
		};
		10DF2C521E6F2620004F8CCC /* Frameworks */ = {
			isa = PBXFrameworksBuildPhase;
			buildActionMask = 2147483647;
			files = (
			);
			runOnlyForDeploymentPostprocessing = 0;
		};
/* End PBXFrameworksBuildPhase section */

/* Begin PBXGroup section */
		10DF2C2D1E6F2620004F8CCC = {
			isa = PBXGroup;
			children = (
				10DF2C381E6F2620004F8CCC /* 2DA_EVA_2_TABLAS */,
				10DF2C4D1E6F2620004F8CCC /* 2DA_EVA_2_TABLASTests */,
				10DF2C581E6F2620004F8CCC /* 2DA_EVA_2_TABLASUITests */,
				10DF2C371E6F2620004F8CCC /* Products */,
			);
			sourceTree = "<group>";
		};
		10DF2C371E6F2620004F8CCC /* Products */ = {
			isa = PBXGroup;
			children = (
				10DF2C361E6F2620004F8CCC /* 2DA_EVA_2_TABLAS.app */,
				10DF2C4A1E6F2620004F8CCC /* 2DA_EVA_2_TABLASTests.xctest */,
				10DF2C551E6F2620004F8CCC /* 2DA_EVA_2_TABLASUITests.xctest */,
			);
			name = Products;
			sourceTree = "<group>";
		};
		10DF2C381E6F2620004F8CCC /* 2DA_EVA_2_TABLAS */ = {
			isa = PBXGroup;
			children = (
				10DF2C391E6F2620004F8CCC /* AppDelegate.swift */,
				10DF2C3B1E6F2620004F8CCC /* ViewController.swift */,
				10DF2C3D1E6F2620004F8CCC /* Main.storyboard */,
				10DF2C401E6F2620004F8CCC /* Assets.xcassets */,
				10DF2C421E6F2620004F8CCC /* LaunchScreen.storyboard */,
				10DF2C451E6F2620004F8CCC /* Info.plist */,
			);
			path = 2DA_EVA_2_TABLAS;
			sourceTree = "<group>";
		};
		10DF2C4D1E6F2620004F8CCC /* 2DA_EVA_2_TABLASTests */ = {
			isa = PBXGroup;
			children = (
				10DF2C4E1E6F2620004F8CCC /* _DA_EVA_2_TABLASTests.swift */,
				10DF2C501E6F2620004F8CCC /* Info.plist */,
			);
			path = 2DA_EVA_2_TABLASTests;
			sourceTree = "<group>";
		};
		10DF2C581E6F2620004F8CCC /* 2DA_EVA_2_TABLASUITests */ = {
			isa = PBXGroup;
			children = (
				10DF2C591E6F2620004F8CCC /* _DA_EVA_2_TABLASUITests.swift */,
				10DF2C5B1E6F2620004F8CCC /* Info.plist */,
			);
			path = 2DA_EVA_2_TABLASUITests;
			sourceTree = "<group>";
		};
/* End PBXGroup section */

/* Begin PBXNativeTarget section */
		10DF2C351E6F2620004F8CCC /* 2DA_EVA_2_TABLAS */ = {
			isa = PBXNativeTarget;
			buildConfigurationList = 10DF2C5E1E6F2620004F8CCC /* Build configuration list for PBXNativeTarget "2DA_EVA_2_TABLAS" */;
			buildPhases = (
				10DF2C321E6F2620004F8CCC /* Sources */,
				10DF2C331E6F2620004F8CCC /* Frameworks */,
				10DF2C341E6F2620004F8CCC /* Resources */,
			);
			buildRules = (
			);
			dependencies = (
			);
			name = 2DA_EVA_2_TABLAS;
			productName = 2DA_EVA_2_TABLAS;
			productReference = 10DF2C361E6F2620004F8CCC /* 2DA_EVA_2_TABLAS.app */;
			productType = "com.apple.product-type.application";
		};
		10DF2C491E6F2620004F8CCC /* 2DA_EVA_2_TABLASTests */ = {
			isa = PBXNativeTarget;
			buildConfigurationList = 10DF2C611E6F2620004F8CCC /* Build configuration list for PBXNativeTarget "2DA_EVA_2_TABLASTests" */;
			buildPhases = (
				10DF2C461E6F2620004F8CCC /* Sources */,
				10DF2C471E6F2620004F8CCC /* Frameworks */,
				10DF2C481E6F2620004F8CCC /* Resources */,
			);
			buildRules = (
			);
			dependencies = (
				10DF2C4C1E6F2620004F8CCC /* PBXTargetDependency */,
			);
			name = 2DA_EVA_2_TABLASTests;
			productName = 2DA_EVA_2_TABLASTests;
			productReference = 10DF2C4A1E6F2620004F8CCC /* 2DA_EVA_2_TABLASTests.xctest */;
			productType = "com.apple.product-type.bundle.unit-test";
		};
		10DF2C541E6F2620004F8CCC /* 2DA_EVA_2_TABLASUITests */ = {
			isa = PBXNativeTarget;
			buildConfigurationList = 10DF2C641E6F2620004F8CCC /* Build configuration list for PBXNativeTarget "2DA_EVA_2_TABLASUITests" */;
			buildPhases = (
				10DF2C511E6F2620004F8CCC /* Sources */,
				10DF2C521E6F2620004F8CCC /* Frameworks */,
				10DF2C531E6F2620004F8CCC /* Resources */,
			);
			buildRules = (
			);
			dependencies = (
				10DF2C571E6F2620004F8CCC /* PBXTargetDependency */,
			);
			name = 2DA_EVA_2_TABLASUITests;
			productName = 2DA_EVA_2_TABLASUITests;
			productReference = 10DF2C551E6F2620004F8CCC /* 2DA_EVA_2_TABLASUITests.xctest */;
			productType = "com.apple.product-type.bundle.ui-testing";
		};
/* End PBXNativeTarget section */

/* Begin PBXProject section */
		10DF2C2E1E6F2620004F8CCC /* Project object */ = {
			isa = PBXProject;
			attributes = {
				LastUpgradeCheck = 0700;
				TargetAttributes = {
					10DF2C351E6F2620004F8CCC = {
						CreatedOnToolsVersion = 7.0.1;
					};
					10DF2C491E6F2620004F8CCC = {
						CreatedOnToolsVersion = 7.0.1;
						TestTargetID = 10DF2C351E6F2620004F8CCC;
					};
					10DF2C541E6F2620004F8CCC = {
						CreatedOnToolsVersion = 7.0.1;
						TestTargetID = 10DF2C351E6F2620004F8CCC;
					};
				};
			};
			buildConfigurationList = 10DF2C311E6F2620004F8CCC /* Build configuration list for PBXProject "2DA_EVA_2_TABLAS" */;
			compatibilityVersion = "Xcode 3.2";
			developmentRegion = English;
			hasScannedForEncodings = 0;
			knownRegions = (
				en,
				Base,
			);
			mainGroup = 10DF2C2D1E6F2620004F8CCC;
			productRefGroup = 10DF2C371E6F2620004F8CCC /* Products */;
			projectDirPath = "";
			projectRoot = "";
			targets = (
				10DF2C351E6F2620004F8CCC /* 2DA_EVA_2_TABLAS */,
				10DF2C491E6F2620004F8CCC /* 2DA_EVA_2_TABLASTests */,
				10DF2C541E6F2620004F8CCC /* 2DA_EVA_2_TABLASUITests */,
			);
		};
/* End PBXProject section */

/* Begin PBXResourcesBuildPhase section */
		10DF2C341E6F2620004F8CCC /* Resources */ = {
			isa = PBXResourcesBuildPhase;
			buildActionMask = 2147483647;
			files = (
				10DF2C441E6F2620004F8CCC /* LaunchScreen.storyboard in Resources */,
				10DF2C411E6F2620004F8CCC /* Assets.xcassets in Resources */,
				10DF2C3F1E6F2620004F8CCC /* Main.storyboard in Resources */,
			);
			runOnlyForDeploymentPostprocessing = 0;
		};
		10DF2C481E6F2620004F8CCC /* Resources */ = {
			isa = PBXResourcesBuildPhase;
			buildActionMask = 2147483647;
			files = (
			);
			runOnlyForDeploymentPostprocessing = 0;
		};
		10DF2C531E6F2620004F8CCC /* Resources */ = {
			isa = PBXResourcesBuildPhase;
			buildActionMask = 2147483647;
			files = (
			);
			runOnlyForDeploymentPostprocessing = 0;
		};
/* End PBXResourcesBuildPhase section */

/* Begin PBXSourcesBuildPhase section */
		10DF2C321E6F2620004F8CCC /* Sources */ = {
			isa = PBXSourcesBuildPhase;
			buildActionMask = 2147483647;
			files = (
				10DF2C3C1E6F2620004F8CCC /* ViewController.swift in Sources */,
				10DF2C3A1E6F2620004F8CCC /* AppDelegate.swift in Sources */,
			);
			runOnlyForDeploymentPostprocessing = 0;
		};
		10DF2C461E6F2620004F8CCC /* Sources */ = {
			isa = PBXSourcesBuildPhase;
			buildActionMask = 2147483647;
			files = (
				10DF2C4F1E6F2620004F8CCC /* _DA_EVA_2_TABLASTests.swift in Sources */,
			);
			runOnlyForDeploymentPostprocessing = 0;
		};
		10DF2C511E6F2620004F8CCC /* Sources */ = {
			isa = PBXSourcesBuildPhase;
			buildActionMask = 2147483647;
			files = (
				10DF2C5A1E6F2620004F8CCC /* _DA_EVA_2_TABLASUITests.swift in Sources */,
			);
			runOnlyForDeploymentPostprocessing = 0;
		};
/* End PBXSourcesBuildPhase section */

/* Begin PBXTargetDependency section */
		10DF2C4C1E6F2620004F8CCC /* PBXTargetDependency */ = {
			isa = PBXTargetDependency;
			target = 10DF2C351E6F2620004F8CCC /* 2DA_EVA_2_TABLAS */;
			targetProxy = 10DF2C4B1E6F2620004F8CCC /* PBXContainerItemProxy */;
		};
		10DF2C571E6F2620004F8CCC /* PBXTargetDependency */ = {
			isa = PBXTargetDependency;
			target = 10DF2C351E6F2620004F8CCC /* 2DA_EVA_2_TABLAS */;
			targetProxy = 10DF2C561E6F2620004F8CCC /* PBXContainerItemProxy */;
		};
/* End PBXTargetDependency section */

/* Begin PBXVariantGroup section */
		10DF2C3D1E6F2620004F8CCC /* Main.storyboard */ = {
			isa = PBXVariantGroup;
			children = (
				10DF2C3E1E6F2620004F8CCC /* Base */,
			);
			name = Main.storyboard;
			sourceTree = "<group>";
		};
		10DF2C421E6F2620004F8CCC /* LaunchScreen.storyboard */ = {
			isa = PBXVariantGroup;
			children = (
				10DF2C431E6F2620004F8CCC /* Base */,
			);
			name = LaunchScreen.storyboard;
			sourceTree = "<group>";
		};
/* End PBXVariantGroup section */

/* Begin XCBuildConfiguration section */
		10DF2C5C1E6F2620004F8CCC /* Debug */ = {
			isa = XCBuildConfiguration;
			buildSettings = {
				ALWAYS_SEARCH_USER_PATHS = NO;
				CLANG_CXX_LANGUAGE_STANDARD = "gnu++0x";
				CLANG_CXX_LIBRARY = "libc++";
				CLANG_ENABLE_MODULES = YES;
				CLANG_ENABLE_OBJC_ARC = YES;
				CLANG_WARN_BOOL_CONVERSION = YES;
				CLANG_WARN_CONSTANT_CONVERSION = YES;
				CLANG_WARN_DIRECT_OBJC_ISA_USAGE = YES_ERROR;
				CLANG_WARN_EMPTY_BODY = YES;
				CLANG_WARN_ENUM_CONVERSION = YES;
				CLANG_WARN_INT_CONVERSION = YES;
				CLANG_WARN_OBJC_ROOT_CLASS = YES_ERROR;
				CLANG_WARN_UNREACHABLE_CODE = YES;
				CLANG_WARN__DUPLICATE_METHOD_MATCH = YES;
				"CODE_SIGN_IDENTITY[sdk=iphoneos*]" = "iPhone Developer";
				COPY_PHASE_STRIP = NO;
				DEBUG_INFORMATION_FORMAT = dwarf;
				ENABLE_STRICT_OBJC_MSGSEND = YES;
				ENABLE_TESTABILITY = YES;
				GCC_C_LANGUAGE_STANDARD = gnu99;
				GCC_DYNAMIC_NO_PIC = NO;
				GCC_NO_COMMON_BLOCKS = YES;
				GCC_OPTIMIZATION_LEVEL = 0;
				GCC_PREPROCESSOR_DEFINITIONS = (
					"DEBUG=1",
					"$(inherited)",
				);
				GCC_WARN_64_TO_32_BIT_CONVERSION = YES;
				GCC_WARN_ABOUT_RETURN_TYPE = YES_ERROR;
				GCC_WARN_UNDECLARED_SELECTOR = YES;
				GCC_WARN_UNINITIALIZED_AUTOS = YES_AGGRESSIVE;
				GCC_WARN_UNUSED_FUNCTION = YES;
				GCC_WARN_UNUSED_VARIABLE = YES;
				IPHONEOS_DEPLOYMENT_TARGET = 9.0;
				MTL_ENABLE_DEBUG_INFO = YES;
				ONLY_ACTIVE_ARCH = YES;
				SDKROOT = iphoneos;
				SWIFT_OPTIMIZATION_LEVEL = "-Onone";
				TARGETED_DEVICE_FAMILY = "1,2";
			};
			name = Debug;
		};
		10DF2C5D1E6F2620004F8CCC /* Release */ = {
			isa = XCBuildConfiguration;
			buildSettings = {
				ALWAYS_SEARCH_USER_PATHS = NO;
				CLANG_CXX_LANGUAGE_STANDARD = "gnu++0x";
				CLANG_CXX_LIBRARY = "libc++";
				CLANG_ENABLE_MODULES = YES;
				CLANG_ENABLE_OBJC_ARC = YES;
				CLANG_WARN_BOOL_CONVERSION = YES;
				CLANG_WARN_CONSTANT_CONVERSION = YES;
				CLANG_WARN_DIRECT_OBJC_ISA_USAGE = YES_ERROR;
				CLANG_WARN_EMPTY_BODY = YES;
				CLANG_WARN_ENUM_CONVERSION = YES;
				CLANG_WARN_INT_CONVERSION = YES;
				CLANG_WARN_OBJC_ROOT_CLASS = YES_ERROR;
				CLANG_WARN_UNREACHABLE_CODE = YES;
				CLANG_WARN__DUPLICATE_METHOD_MATCH = YES;
				"CODE_SIGN_IDENTITY[sdk=iphoneos*]" = "iPhone Developer";
				COPY_PHASE_STRIP = NO;
				DEBUG_INFORMATION_FORMAT = "dwarf-with-dsym";
				ENABLE_NS_ASSERTIONS = NO;
				ENABLE_STRICT_OBJC_MSGSEND = YES;
				GCC_C_LANGUAGE_STANDARD = gnu99;
				GCC_NO_COMMON_BLOCKS = YES;
				GCC_WARN_64_TO_32_BIT_CONVERSION = YES;
				GCC_WARN_ABOUT_RETURN_TYPE = YES_ERROR;
				GCC_WARN_UNDECLARED_SELECTOR = YES;
				GCC_WARN_UNINITIALIZED_AUTOS = YES_AGGRESSIVE;
				GCC_WARN_UNUSED_FUNCTION = YES;
				GCC_WARN_UNUSED_VARIABLE = YES;
				IPHONEOS_DEPLOYMENT_TARGET = 9.0;
				MTL_ENABLE_DEBUG_INFO = NO;
				SDKROOT = iphoneos;
				TARGETED_DEVICE_FAMILY = "1,2";
				VALIDATE_PRODUCT = YES;
			};
			name = Release;
		};
		10DF2C5F1E6F2620004F8CCC /* Debug */ = {
			isa = XCBuildConfiguration;
			buildSettings = {
				ASSETCATALOG_COMPILER_APPICON_NAME = AppIcon;
				INFOPLIST_FILE = 2DA_EVA_2_TABLAS/Info.plist;
				LD_RUNPATH_SEARCH_PATHS = "$(inherited) @executable_path/Frameworks";
				PRODUCT_BUNDLE_IDENTIFIER = "-.-DA-EVA-2-TABLAS";
				PRODUCT_NAME = "$(TARGET_NAME)";
			};
			name = Debug;
		};
		10DF2C601E6F2620004F8CCC /* Release */ = {
			isa = XCBuildConfiguration;
			buildSettings = {
				ASSETCATALOG_COMPILER_APPICON_NAME = AppIcon;
				INFOPLIST_FILE = 2DA_EVA_2_TABLAS/Info.plist;
				LD_RUNPATH_SEARCH_PATHS = "$(inherited) @executable_path/Frameworks";
				PRODUCT_BUNDLE_IDENTIFIER = "-.-DA-EVA-2-TABLAS";
				PRODUCT_NAME = "$(TARGET_NAME)";
			};
			name = Release;
		};
		10DF2C621E6F2620004F8CCC /* Debug */ = {
			isa = XCBuildConfiguration;
			buildSettings = {
				BUNDLE_LOADER = "$(TEST_HOST)";
				INFOPLIST_FILE = 2DA_EVA_2_TABLASTests/Info.plist;
				LD_RUNPATH_SEARCH_PATHS = "$(inherited) @executable_path/Frameworks @loader_path/Frameworks";
				PRODUCT_BUNDLE_IDENTIFIER = "-.-DA-EVA-2-TABLASTests";
				PRODUCT_NAME = "$(TARGET_NAME)";
				TEST_HOST = "$(BUILT_PRODUCTS_DIR)/2DA_EVA_2_TABLAS.app/2DA_EVA_2_TABLAS";
			};
			name = Debug;
		};
		10DF2C631E6F2620004F8CCC /* Release */ = {
			isa = XCBuildConfiguration;
			buildSettings = {
				BUNDLE_LOADER = "$(TEST_HOST)";
				INFOPLIST_FILE = 2DA_EVA_2_TABLASTests/Info.plist;
				LD_RUNPATH_SEARCH_PATHS = "$(inherited) @executable_path/Frameworks @loader_path/Frameworks";
				PRODUCT_BUNDLE_IDENTIFIER = "-.-DA-EVA-2-TABLASTests";
				PRODUCT_NAME = "$(TARGET_NAME)";
				TEST_HOST = "$(BUILT_PRODUCTS_DIR)/2DA_EVA_2_TABLAS.app/2DA_EVA_2_TABLAS";
			};
			name = Release;
		};
		10DF2C651E6F2620004F8CCC /* Debug */ = {
			isa = XCBuildConfiguration;
			buildSettings = {
				INFOPLIST_FILE = 2DA_EVA_2_TABLASUITests/Info.plist;
				LD_RUNPATH_SEARCH_PATHS = "$(inherited) @executable_path/Frameworks @loader_path/Frameworks";
				PRODUCT_BUNDLE_IDENTIFIER = "-.-DA-EVA-2-TABLASUITests";
				PRODUCT_NAME = "$(TARGET_NAME)";
				TEST_TARGET_NAME = 2DA_EVA_2_TABLAS;
				USES_XCTRUNNER = YES;
			};
			name = Debug;
		};
		10DF2C661E6F2620004F8CCC /* Release */ = {
			isa = XCBuildConfiguration;
			buildSettings = {
				INFOPLIST_FILE = 2DA_EVA_2_TABLASUITests/Info.plist;
				LD_RUNPATH_SEARCH_PATHS = "$(inherited) @executable_path/Frameworks @loader_path/Frameworks";
				PRODUCT_BUNDLE_IDENTIFIER = "-.-DA-EVA-2-TABLASUITests";
				PRODUCT_NAME = "$(TARGET_NAME)";
				TEST_TARGET_NAME = 2DA_EVA_2_TABLAS;
				USES_XCTRUNNER = YES;
			};
			name = Release;
		};
/* End XCBuildConfiguration section */

/* Begin XCConfigurationList section */
		10DF2C311E6F2620004F8CCC /* Build configuration list for PBXProject "2DA_EVA_2_TABLAS" */ = {
			isa = XCConfigurationList;
			buildConfigurations = (
				10DF2C5C1E6F2620004F8CCC /* Debug */,
				10DF2C5D1E6F2620004F8CCC /* Release */,
			);
			defaultConfigurationIsVisible = 0;
			defaultConfigurationName = Release;
		};
		10DF2C5E1E6F2620004F8CCC /* Build configuration list for PBXNativeTarget "2DA_EVA_2_TABLAS" */ = {
			isa = XCConfigurationList;
			buildConfigurations = (
				10DF2C5F1E6F2620004F8CCC /* Debug */,
				10DF2C601E6F2620004F8CCC /* Release */,
			);
			defaultConfigurationIsVisible = 0;
		};
		10DF2C611E6F2620004F8CCC /* Build configuration list for PBXNativeTarget "2DA_EVA_2_TABLASTests" */ = {
			isa = XCConfigurationList;
			buildConfigurations = (
				10DF2C621E6F2620004F8CCC /* Debug */,
				10DF2C631E6F2620004F8CCC /* Release */,
			);
			defaultConfigurationIsVisible = 0;
		};
		10DF2C641E6F2620004F8CCC /* Build configuration list for PBXNativeTarget "2DA_EVA_2_TABLASUITests" */ = {
			isa = XCConfigurationList;
			buildConfigurations = (
				10DF2C651E6F2620004F8CCC /* Debug */,
				10DF2C661E6F2620004F8CCC /* Release */,
			);
			defaultConfigurationIsVisible = 0;
		};
/* End XCConfigurationList section */
	};
	rootObject = 10DF2C2E1E6F2620004F8CCC /* Project object */;
}
