// !$*UTF8*$!
{
	archiveVersion = 1;
	classes = {
	};
	objectVersion = 46;
	objects = {

/* Begin PBXBuildFile section */
		10B2C1021E7B063B002712B1 /* AppDelegate.swift in Sources */ = {isa = PBXBuildFile; fileRef = 10B2C1011E7B063B002712B1 /* AppDelegate.swift */; };
		10B2C1041E7B063B002712B1 /* ViewController.swift in Sources */ = {isa = PBXBuildFile; fileRef = 10B2C1031E7B063B002712B1 /* ViewController.swift */; };
		10B2C1071E7B063B002712B1 /* Main.storyboard in Resources */ = {isa = PBXBuildFile; fileRef = 10B2C1051E7B063B002712B1 /* Main.storyboard */; };
		10B2C1091E7B063B002712B1 /* Assets.xcassets in Resources */ = {isa = PBXBuildFile; fileRef = 10B2C1081E7B063B002712B1 /* Assets.xcassets */; };
		10B2C10C1E7B063B002712B1 /* LaunchScreen.storyboard in Resources */ = {isa = PBXBuildFile; fileRef = 10B2C10A1E7B063B002712B1 /* LaunchScreen.storyboard */; };
		10B2C1171E7B063B002712B1 /* _DA_EVA_7_PICKERVIEW_IMGTests.swift in Sources */ = {isa = PBXBuildFile; fileRef = 10B2C1161E7B063B002712B1 /* _DA_EVA_7_PICKERVIEW_IMGTests.swift */; };
		10B2C1221E7B063B002712B1 /* _DA_EVA_7_PICKERVIEW_IMGUITests.swift in Sources */ = {isa = PBXBuildFile; fileRef = 10B2C1211E7B063B002712B1 /* _DA_EVA_7_PICKERVIEW_IMGUITests.swift */; };
/* End PBXBuildFile section */

/* Begin PBXContainerItemProxy section */
		10B2C1131E7B063B002712B1 /* PBXContainerItemProxy */ = {
			isa = PBXContainerItemProxy;
			containerPortal = 10B2C0F61E7B063B002712B1 /* Project object */;
			proxyType = 1;
			remoteGlobalIDString = 10B2C0FD1E7B063B002712B1;
			remoteInfo = 2DA_EVA_7_PICKERVIEW_IMG;
		};
		10B2C11E1E7B063B002712B1 /* PBXContainerItemProxy */ = {
			isa = PBXContainerItemProxy;
			containerPortal = 10B2C0F61E7B063B002712B1 /* Project object */;
			proxyType = 1;
			remoteGlobalIDString = 10B2C0FD1E7B063B002712B1;
			remoteInfo = 2DA_EVA_7_PICKERVIEW_IMG;
		};
/* End PBXContainerItemProxy section */

/* Begin PBXFileReference section */
		10B2C0FE1E7B063B002712B1 /* 2DA_EVA_7_PICKERVIEW_IMG.app */ = {isa = PBXFileReference; explicitFileType = wrapper.application; includeInIndex = 0; path = 2DA_EVA_7_PICKERVIEW_IMG.app; sourceTree = BUILT_PRODUCTS_DIR; };
		10B2C1011E7B063B002712B1 /* AppDelegate.swift */ = {isa = PBXFileReference; lastKnownFileType = sourcecode.swift; path = AppDelegate.swift; sourceTree = "<group>"; };
		10B2C1031E7B063B002712B1 /* ViewController.swift */ = {isa = PBXFileReference; lastKnownFileType = sourcecode.swift; path = ViewController.swift; sourceTree = "<group>"; };
		10B2C1061E7B063B002712B1 /* Base */ = {isa = PBXFileReference; lastKnownFileType = file.storyboard; name = Base; path = Base.lproj/Main.storyboard; sourceTree = "<group>"; };
		10B2C1081E7B063B002712B1 /* Assets.xcassets */ = {isa = PBXFileReference; lastKnownFileType = folder.assetcatalog; path = Assets.xcassets; sourceTree = "<group>"; };
		10B2C10B1E7B063B002712B1 /* Base */ = {isa = PBXFileReference; lastKnownFileType = file.storyboard; name = Base; path = Base.lproj/LaunchScreen.storyboard; sourceTree = "<group>"; };
		10B2C10D1E7B063B002712B1 /* Info.plist */ = {isa = PBXFileReference; lastKnownFileType = text.plist.xml; path = Info.plist; sourceTree = "<group>"; };
		10B2C1121E7B063B002712B1 /* 2DA_EVA_7_PICKERVIEW_IMGTests.xctest */ = {isa = PBXFileReference; explicitFileType = wrapper.cfbundle; includeInIndex = 0; path = 2DA_EVA_7_PICKERVIEW_IMGTests.xctest; sourceTree = BUILT_PRODUCTS_DIR; };
		10B2C1161E7B063B002712B1 /* _DA_EVA_7_PICKERVIEW_IMGTests.swift */ = {isa = PBXFileReference; lastKnownFileType = sourcecode.swift; path = _DA_EVA_7_PICKERVIEW_IMGTests.swift; sourceTree = "<group>"; };
		10B2C1181E7B063B002712B1 /* Info.plist */ = {isa = PBXFileReference; lastKnownFileType = text.plist.xml; path = Info.plist; sourceTree = "<group>"; };
		10B2C11D1E7B063B002712B1 /* 2DA_EVA_7_PICKERVIEW_IMGUITests.xctest */ = {isa = PBXFileReference; explicitFileType = wrapper.cfbundle; includeInIndex = 0; path = 2DA_EVA_7_PICKERVIEW_IMGUITests.xctest; sourceTree = BUILT_PRODUCTS_DIR; };
		10B2C1211E7B063B002712B1 /* _DA_EVA_7_PICKERVIEW_IMGUITests.swift */ = {isa = PBXFileReference; lastKnownFileType = sourcecode.swift; path = _DA_EVA_7_PICKERVIEW_IMGUITests.swift; sourceTree = "<group>"; };
		10B2C1231E7B063B002712B1 /* Info.plist */ = {isa = PBXFileReference; lastKnownFileType = text.plist.xml; path = Info.plist; sourceTree = "<group>"; };
/* End PBXFileReference section */

/* Begin PBXFrameworksBuildPhase section */
		10B2C0FB1E7B063B002712B1 /* Frameworks */ = {
			isa = PBXFrameworksBuildPhase;
			buildActionMask = 2147483647;
			files = (
			);
			runOnlyForDeploymentPostprocessing = 0;
		};
		10B2C10F1E7B063B002712B1 /* Frameworks */ = {
			isa = PBXFrameworksBuildPhase;
			buildActionMask = 2147483647;
			files = (
			);
			runOnlyForDeploymentPostprocessing = 0;
		};
		10B2C11A1E7B063B002712B1 /* Frameworks */ = {
			isa = PBXFrameworksBuildPhase;
			buildActionMask = 2147483647;
			files = (
			);
			runOnlyForDeploymentPostprocessing = 0;
		};
/* End PBXFrameworksBuildPhase section */

/* Begin PBXGroup section */
		10B2C0F51E7B063B002712B1 = {
			isa = PBXGroup;
			children = (
				10B2C1001E7B063B002712B1 /* 2DA_EVA_7_PICKERVIEW_IMG */,
				10B2C1151E7B063B002712B1 /* 2DA_EVA_7_PICKERVIEW_IMGTests */,
				10B2C1201E7B063B002712B1 /* 2DA_EVA_7_PICKERVIEW_IMGUITests */,
				10B2C0FF1E7B063B002712B1 /* Products */,
			);
			sourceTree = "<group>";
		};
		10B2C0FF1E7B063B002712B1 /* Products */ = {
			isa = PBXGroup;
			children = (
				10B2C0FE1E7B063B002712B1 /* 2DA_EVA_7_PICKERVIEW_IMG.app */,
				10B2C1121E7B063B002712B1 /* 2DA_EVA_7_PICKERVIEW_IMGTests.xctest */,
				10B2C11D1E7B063B002712B1 /* 2DA_EVA_7_PICKERVIEW_IMGUITests.xctest */,
			);
			name = Products;
			sourceTree = "<group>";
		};
		10B2C1001E7B063B002712B1 /* 2DA_EVA_7_PICKERVIEW_IMG */ = {
			isa = PBXGroup;
			children = (
				10B2C1011E7B063B002712B1 /* AppDelegate.swift */,
				10B2C1031E7B063B002712B1 /* ViewController.swift */,
				10B2C1051E7B063B002712B1 /* Main.storyboard */,
				10B2C1081E7B063B002712B1 /* Assets.xcassets */,
				10B2C10A1E7B063B002712B1 /* LaunchScreen.storyboard */,
				10B2C10D1E7B063B002712B1 /* Info.plist */,
			);
			path = 2DA_EVA_7_PICKERVIEW_IMG;
			sourceTree = "<group>";
		};
		10B2C1151E7B063B002712B1 /* 2DA_EVA_7_PICKERVIEW_IMGTests */ = {
			isa = PBXGroup;
			children = (
				10B2C1161E7B063B002712B1 /* _DA_EVA_7_PICKERVIEW_IMGTests.swift */,
				10B2C1181E7B063B002712B1 /* Info.plist */,
			);
			path = 2DA_EVA_7_PICKERVIEW_IMGTests;
			sourceTree = "<group>";
		};
		10B2C1201E7B063B002712B1 /* 2DA_EVA_7_PICKERVIEW_IMGUITests */ = {
			isa = PBXGroup;
			children = (
				10B2C1211E7B063B002712B1 /* _DA_EVA_7_PICKERVIEW_IMGUITests.swift */,
				10B2C1231E7B063B002712B1 /* Info.plist */,
			);
			path = 2DA_EVA_7_PICKERVIEW_IMGUITests;
			sourceTree = "<group>";
		};
/* End PBXGroup section */

/* Begin PBXNativeTarget section */
		10B2C0FD1E7B063B002712B1 /* 2DA_EVA_7_PICKERVIEW_IMG */ = {
			isa = PBXNativeTarget;
			buildConfigurationList = 10B2C1261E7B063B002712B1 /* Build configuration list for PBXNativeTarget "2DA_EVA_7_PICKERVIEW_IMG" */;
			buildPhases = (
				10B2C0FA1E7B063B002712B1 /* Sources */,
				10B2C0FB1E7B063B002712B1 /* Frameworks */,
				10B2C0FC1E7B063B002712B1 /* Resources */,
			);
			buildRules = (
			);
			dependencies = (
			);
			name = 2DA_EVA_7_PICKERVIEW_IMG;
			productName = 2DA_EVA_7_PICKERVIEW_IMG;
			productReference = 10B2C0FE1E7B063B002712B1 /* 2DA_EVA_7_PICKERVIEW_IMG.app */;
			productType = "com.apple.product-type.application";
		};
		10B2C1111E7B063B002712B1 /* 2DA_EVA_7_PICKERVIEW_IMGTests */ = {
			isa = PBXNativeTarget;
			buildConfigurationList = 10B2C1291E7B063B002712B1 /* Build configuration list for PBXNativeTarget "2DA_EVA_7_PICKERVIEW_IMGTests" */;
			buildPhases = (
				10B2C10E1E7B063B002712B1 /* Sources */,
				10B2C10F1E7B063B002712B1 /* Frameworks */,
				10B2C1101E7B063B002712B1 /* Resources */,
			);
			buildRules = (
			);
			dependencies = (
				10B2C1141E7B063B002712B1 /* PBXTargetDependency */,
			);
			name = 2DA_EVA_7_PICKERVIEW_IMGTests;
			productName = 2DA_EVA_7_PICKERVIEW_IMGTests;
			productReference = 10B2C1121E7B063B002712B1 /* 2DA_EVA_7_PICKERVIEW_IMGTests.xctest */;
			productType = "com.apple.product-type.bundle.unit-test";
		};
		10B2C11C1E7B063B002712B1 /* 2DA_EVA_7_PICKERVIEW_IMGUITests */ = {
			isa = PBXNativeTarget;
			buildConfigurationList = 10B2C12C1E7B063B002712B1 /* Build configuration list for PBXNativeTarget "2DA_EVA_7_PICKERVIEW_IMGUITests" */;
			buildPhases = (
				10B2C1191E7B063B002712B1 /* Sources */,
				10B2C11A1E7B063B002712B1 /* Frameworks */,
				10B2C11B1E7B063B002712B1 /* Resources */,
			);
			buildRules = (
			);
			dependencies = (
				10B2C11F1E7B063B002712B1 /* PBXTargetDependency */,
			);
			name = 2DA_EVA_7_PICKERVIEW_IMGUITests;
			productName = 2DA_EVA_7_PICKERVIEW_IMGUITests;
			productReference = 10B2C11D1E7B063B002712B1 /* 2DA_EVA_7_PICKERVIEW_IMGUITests.xctest */;
			productType = "com.apple.product-type.bundle.ui-testing";
		};
/* End PBXNativeTarget section */

/* Begin PBXProject section */
		10B2C0F61E7B063B002712B1 /* Project object */ = {
			isa = PBXProject;
			attributes = {
				LastUpgradeCheck = 0700;
				TargetAttributes = {
					10B2C0FD1E7B063B002712B1 = {
						CreatedOnToolsVersion = 7.0.1;
					};
					10B2C1111E7B063B002712B1 = {
						CreatedOnToolsVersion = 7.0.1;
						TestTargetID = 10B2C0FD1E7B063B002712B1;
					};
					10B2C11C1E7B063B002712B1 = {
						CreatedOnToolsVersion = 7.0.1;
						TestTargetID = 10B2C0FD1E7B063B002712B1;
					};
				};
			};
			buildConfigurationList = 10B2C0F91E7B063B002712B1 /* Build configuration list for PBXProject "2DA_EVA_7_PICKERVIEW_IMG" */;
			compatibilityVersion = "Xcode 3.2";
			developmentRegion = English;
			hasScannedForEncodings = 0;
			knownRegions = (
				en,
				Base,
			);
			mainGroup = 10B2C0F51E7B063B002712B1;
			productRefGroup = 10B2C0FF1E7B063B002712B1 /* Products */;
			projectDirPath = "";
			projectRoot = "";
			targets = (
				10B2C0FD1E7B063B002712B1 /* 2DA_EVA_7_PICKERVIEW_IMG */,
				10B2C1111E7B063B002712B1 /* 2DA_EVA_7_PICKERVIEW_IMGTests */,
				10B2C11C1E7B063B002712B1 /* 2DA_EVA_7_PICKERVIEW_IMGUITests */,
			);
		};
/* End PBXProject section */

/* Begin PBXResourcesBuildPhase section */
		10B2C0FC1E7B063B002712B1 /* Resources */ = {
			isa = PBXResourcesBuildPhase;
			buildActionMask = 2147483647;
			files = (
				10B2C10C1E7B063B002712B1 /* LaunchScreen.storyboard in Resources */,
				10B2C1091E7B063B002712B1 /* Assets.xcassets in Resources */,
				10B2C1071E7B063B002712B1 /* Main.storyboard in Resources */,
			);
			runOnlyForDeploymentPostprocessing = 0;
		};
		10B2C1101E7B063B002712B1 /* Resources */ = {
			isa = PBXResourcesBuildPhase;
			buildActionMask = 2147483647;
			files = (
			);
			runOnlyForDeploymentPostprocessing = 0;
		};
		10B2C11B1E7B063B002712B1 /* Resources */ = {
			isa = PBXResourcesBuildPhase;
			buildActionMask = 2147483647;
			files = (
			);
			runOnlyForDeploymentPostprocessing = 0;
		};
/* End PBXResourcesBuildPhase section */

/* Begin PBXSourcesBuildPhase section */
		10B2C0FA1E7B063B002712B1 /* Sources */ = {
			isa = PBXSourcesBuildPhase;
			buildActionMask = 2147483647;
			files = (
				10B2C1041E7B063B002712B1 /* ViewController.swift in Sources */,
				10B2C1021E7B063B002712B1 /* AppDelegate.swift in Sources */,
			);
			runOnlyForDeploymentPostprocessing = 0;
		};
		10B2C10E1E7B063B002712B1 /* Sources */ = {
			isa = PBXSourcesBuildPhase;
			buildActionMask = 2147483647;
			files = (
				10B2C1171E7B063B002712B1 /* _DA_EVA_7_PICKERVIEW_IMGTests.swift in Sources */,
			);
			runOnlyForDeploymentPostprocessing = 0;
		};
		10B2C1191E7B063B002712B1 /* Sources */ = {
			isa = PBXSourcesBuildPhase;
			buildActionMask = 2147483647;
			files = (
				10B2C1221E7B063B002712B1 /* _DA_EVA_7_PICKERVIEW_IMGUITests.swift in Sources */,
			);
			runOnlyForDeploymentPostprocessing = 0;
		};
/* End PBXSourcesBuildPhase section */

/* Begin PBXTargetDependency section */
		10B2C1141E7B063B002712B1 /* PBXTargetDependency */ = {
			isa = PBXTargetDependency;
			target = 10B2C0FD1E7B063B002712B1 /* 2DA_EVA_7_PICKERVIEW_IMG */;
			targetProxy = 10B2C1131E7B063B002712B1 /* PBXContainerItemProxy */;
		};
		10B2C11F1E7B063B002712B1 /* PBXTargetDependency */ = {
			isa = PBXTargetDependency;
			target = 10B2C0FD1E7B063B002712B1 /* 2DA_EVA_7_PICKERVIEW_IMG */;
			targetProxy = 10B2C11E1E7B063B002712B1 /* PBXContainerItemProxy */;
		};
/* End PBXTargetDependency section */

/* Begin PBXVariantGroup section */
		10B2C1051E7B063B002712B1 /* Main.storyboard */ = {
			isa = PBXVariantGroup;
			children = (
				10B2C1061E7B063B002712B1 /* Base */,
			);
			name = Main.storyboard;
			sourceTree = "<group>";
		};
		10B2C10A1E7B063B002712B1 /* LaunchScreen.storyboard */ = {
			isa = PBXVariantGroup;
			children = (
				10B2C10B1E7B063B002712B1 /* Base */,
			);
			name = LaunchScreen.storyboard;
			sourceTree = "<group>";
		};
/* End PBXVariantGroup section */

/* Begin XCBuildConfiguration section */
		10B2C1241E7B063B002712B1 /* Debug */ = {
			isa = XCBuildConfiguration;
			buildSettings = {
				ALWAYS_SEARCH_USER_PATHS = NO;
				CLANG_CXX_LANGUAGE_STANDARD = "gnu++0x";
				CLANG_CXX_LIBRARY = "libc++";
				CLANG_ENABLE_MODULES = YES;
				CLANG_ENABLE_OBJC_ARC = YES;
				CLANG_WARN_BOOL_CONVERSION = YES;
				CLANG_WARN_CONSTANT_CONVERSION = YES;
				CLANG_WARN_DIRECT_OBJC_ISA_USAGE = YES_ERROR;
				CLANG_WARN_EMPTY_BODY = YES;
				CLANG_WARN_ENUM_CONVERSION = YES;
				CLANG_WARN_INT_CONVERSION = YES;
				CLANG_WARN_OBJC_ROOT_CLASS = YES_ERROR;
				CLANG_WARN_UNREACHABLE_CODE = YES;
				CLANG_WARN__DUPLICATE_METHOD_MATCH = YES;
				"CODE_SIGN_IDENTITY[sdk=iphoneos*]" = "iPhone Developer";
				COPY_PHASE_STRIP = NO;
				DEBUG_INFORMATION_FORMAT = dwarf;
				ENABLE_STRICT_OBJC_MSGSEND = YES;
				ENABLE_TESTABILITY = YES;
				GCC_C_LANGUAGE_STANDARD = gnu99;
				GCC_DYNAMIC_NO_PIC = NO;
				GCC_NO_COMMON_BLOCKS = YES;
				GCC_OPTIMIZATION_LEVEL = 0;
				GCC_PREPROCESSOR_DEFINITIONS = (
					"DEBUG=1",
					"$(inherited)",
				);
				GCC_WARN_64_TO_32_BIT_CONVERSION = YES;
				GCC_WARN_ABOUT_RETURN_TYPE = YES_ERROR;
				GCC_WARN_UNDECLARED_SELECTOR = YES;
				GCC_WARN_UNINITIALIZED_AUTOS = YES_AGGRESSIVE;
				GCC_WARN_UNUSED_FUNCTION = YES;
				GCC_WARN_UNUSED_VARIABLE = YES;
				IPHONEOS_DEPLOYMENT_TARGET = 9.0;
				MTL_ENABLE_DEBUG_INFO = YES;
				ONLY_ACTIVE_ARCH = YES;
				SDKROOT = iphoneos;
				SWIFT_OPTIMIZATION_LEVEL = "-Onone";
				TARGETED_DEVICE_FAMILY = "1,2";
			};
			name = Debug;
		};
		10B2C1251E7B063B002712B1 /* Release */ = {
			isa = XCBuildConfiguration;
			buildSettings = {
				ALWAYS_SEARCH_USER_PATHS = NO;
				CLANG_CXX_LANGUAGE_STANDARD = "gnu++0x";
				CLANG_CXX_LIBRARY = "libc++";
				CLANG_ENABLE_MODULES = YES;
				CLANG_ENABLE_OBJC_ARC = YES;
				CLANG_WARN_BOOL_CONVERSION = YES;
				CLANG_WARN_CONSTANT_CONVERSION = YES;
				CLANG_WARN_DIRECT_OBJC_ISA_USAGE = YES_ERROR;
				CLANG_WARN_EMPTY_BODY = YES;
				CLANG_WARN_ENUM_CONVERSION = YES;
				CLANG_WARN_INT_CONVERSION = YES;
				CLANG_WARN_OBJC_ROOT_CLASS = YES_ERROR;
				CLANG_WARN_UNREACHABLE_CODE = YES;
				CLANG_WARN__DUPLICATE_METHOD_MATCH = YES;
				"CODE_SIGN_IDENTITY[sdk=iphoneos*]" = "iPhone Developer";
				COPY_PHASE_STRIP = NO;
				DEBUG_INFORMATION_FORMAT = "dwarf-with-dsym";
				ENABLE_NS_ASSERTIONS = NO;
				ENABLE_STRICT_OBJC_MSGSEND = YES;
				GCC_C_LANGUAGE_STANDARD = gnu99;
				GCC_NO_COMMON_BLOCKS = YES;
				GCC_WARN_64_TO_32_BIT_CONVERSION = YES;
				GCC_WARN_ABOUT_RETURN_TYPE = YES_ERROR;
				GCC_WARN_UNDECLARED_SELECTOR = YES;
				GCC_WARN_UNINITIALIZED_AUTOS = YES_AGGRESSIVE;
				GCC_WARN_UNUSED_FUNCTION = YES;
				GCC_WARN_UNUSED_VARIABLE = YES;
				IPHONEOS_DEPLOYMENT_TARGET = 9.0;
				MTL_ENABLE_DEBUG_INFO = NO;
				SDKROOT = iphoneos;
				TARGETED_DEVICE_FAMILY = "1,2";
				VALIDATE_PRODUCT = YES;
			};
			name = Release;
		};
		10B2C1271E7B063B002712B1 /* Debug */ = {
			isa = XCBuildConfiguration;
			buildSettings = {
				ASSETCATALOG_COMPILER_APPICON_NAME = AppIcon;
				INFOPLIST_FILE = 2DA_EVA_7_PICKERVIEW_IMG/Info.plist;
				LD_RUNPATH_SEARCH_PATHS = "$(inherited) @executable_path/Frameworks";
				PRODUCT_BUNDLE_IDENTIFIER = "-.-DA-EVA-7-PICKERVIEW-IMG";
				PRODUCT_NAME = "$(TARGET_NAME)";
			};
			name = Debug;
		};
		10B2C1281E7B063B002712B1 /* Release */ = {
			isa = XCBuildConfiguration;
			buildSettings = {
				ASSETCATALOG_COMPILER_APPICON_NAME = AppIcon;
				INFOPLIST_FILE = 2DA_EVA_7_PICKERVIEW_IMG/Info.plist;
				LD_RUNPATH_SEARCH_PATHS = "$(inherited) @executable_path/Frameworks";
				PRODUCT_BUNDLE_IDENTIFIER = "-.-DA-EVA-7-PICKERVIEW-IMG";
				PRODUCT_NAME = "$(TARGET_NAME)";
			};
			name = Release;
		};
		10B2C12A1E7B063B002712B1 /* Debug */ = {
			isa = XCBuildConfiguration;
			buildSettings = {
				BUNDLE_LOADER = "$(TEST_HOST)";
				INFOPLIST_FILE = 2DA_EVA_7_PICKERVIEW_IMGTests/Info.plist;
				LD_RUNPATH_SEARCH_PATHS = "$(inherited) @executable_path/Frameworks @loader_path/Frameworks";
				PRODUCT_BUNDLE_IDENTIFIER = "-.-DA-EVA-7-PICKERVIEW-IMGTests";
				PRODUCT_NAME = "$(TARGET_NAME)";
				TEST_HOST = "$(BUILT_PRODUCTS_DIR)/2DA_EVA_7_PICKERVIEW_IMG.app/2DA_EVA_7_PICKERVIEW_IMG";
			};
			name = Debug;
		};
		10B2C12B1E7B063B002712B1 /* Release */ = {
			isa = XCBuildConfiguration;
			buildSettings = {
				BUNDLE_LOADER = "$(TEST_HOST)";
				INFOPLIST_FILE = 2DA_EVA_7_PICKERVIEW_IMGTests/Info.plist;
				LD_RUNPATH_SEARCH_PATHS = "$(inherited) @executable_path/Frameworks @loader_path/Frameworks";
				PRODUCT_BUNDLE_IDENTIFIER = "-.-DA-EVA-7-PICKERVIEW-IMGTests";
				PRODUCT_NAME = "$(TARGET_NAME)";
				TEST_HOST = "$(BUILT_PRODUCTS_DIR)/2DA_EVA_7_PICKERVIEW_IMG.app/2DA_EVA_7_PICKERVIEW_IMG";
			};
			name = Release;
		};
		10B2C12D1E7B063B002712B1 /* Debug */ = {
			isa = XCBuildConfiguration;
			buildSettings = {
				INFOPLIST_FILE = 2DA_EVA_7_PICKERVIEW_IMGUITests/Info.plist;
				LD_RUNPATH_SEARCH_PATHS = "$(inherited) @executable_path/Frameworks @loader_path/Frameworks";
				PRODUCT_BUNDLE_IDENTIFIER = "-.-DA-EVA-7-PICKERVIEW-IMGUITests";
				PRODUCT_NAME = "$(TARGET_NAME)";
				TEST_TARGET_NAME = 2DA_EVA_7_PICKERVIEW_IMG;
				USES_XCTRUNNER = YES;
			};
			name = Debug;
		};
		10B2C12E1E7B063B002712B1 /* Release */ = {
			isa = XCBuildConfiguration;
			buildSettings = {
				INFOPLIST_FILE = 2DA_EVA_7_PICKERVIEW_IMGUITests/Info.plist;
				LD_RUNPATH_SEARCH_PATHS = "$(inherited) @executable_path/Frameworks @loader_path/Frameworks";
				PRODUCT_BUNDLE_IDENTIFIER = "-.-DA-EVA-7-PICKERVIEW-IMGUITests";
				PRODUCT_NAME = "$(TARGET_NAME)";
				TEST_TARGET_NAME = 2DA_EVA_7_PICKERVIEW_IMG;
				USES_XCTRUNNER = YES;
			};
			name = Release;
		};
/* End XCBuildConfiguration section */

/* Begin XCConfigurationList section */
		10B2C0F91E7B063B002712B1 /* Build configuration list for PBXProject "2DA_EVA_7_PICKERVIEW_IMG" */ = {
			isa = XCConfigurationList;
			buildConfigurations = (
				10B2C1241E7B063B002712B1 /* Debug */,
				10B2C1251E7B063B002712B1 /* Release */,
			);
			defaultConfigurationIsVisible = 0;
			defaultConfigurationName = Release;
		};
		10B2C1261E7B063B002712B1 /* Build configuration list for PBXNativeTarget "2DA_EVA_7_PICKERVIEW_IMG" */ = {
			isa = XCConfigurationList;
			buildConfigurations = (
				10B2C1271E7B063B002712B1 /* Debug */,
				10B2C1281E7B063B002712B1 /* Release */,
			);
			defaultConfigurationIsVisible = 0;
		};
		10B2C1291E7B063B002712B1 /* Build configuration list for PBXNativeTarget "2DA_EVA_7_PICKERVIEW_IMGTests" */ = {
			isa = XCConfigurationList;
			buildConfigurations = (
				10B2C12A1E7B063B002712B1 /* Debug */,
				10B2C12B1E7B063B002712B1 /* Release */,
			);
			defaultConfigurationIsVisible = 0;
		};
		10B2C12C1E7B063B002712B1 /* Build configuration list for PBXNativeTarget "2DA_EVA_7_PICKERVIEW_IMGUITests" */ = {
			isa = XCConfigurationList;
			buildConfigurations = (
				10B2C12D1E7B063B002712B1 /* Debug */,
				10B2C12E1E7B063B002712B1 /* Release */,
			);
			defaultConfigurationIsVisible = 0;
		};
/* End XCConfigurationList section */
	};
	rootObject = 10B2C0F61E7B063B002712B1 /* Project object */;
}
